// !$*UTF8*$!
{
	archiveVersion = 1;
	classes = {
	};
	objectVersion = 46;
	objects = {

/* Begin PBXBuildFile section */
		24EA78D71B53ADCF000A716A /* main.m in Sources */ = {isa = PBXBuildFile; fileRef = 24EA78D61B53ADCF000A716A /* main.m */; };
		24EA78DA1B53ADCF000A716A /* AppDelegate.m in Sources */ = {isa = PBXBuildFile; fileRef = 24EA78D91B53ADCF000A716A /* AppDelegate.m */; };
		24EA78DD1B53ADCF000A716A /* ViewController.m in Sources */ = {isa = PBXBuildFile; fileRef = 24EA78DC1B53ADCF000A716A /* ViewController.m */; };
		24EA78E01B53ADCF000A716A /* Main.storyboard in Resources */ = {isa = PBXBuildFile; fileRef = 24EA78DE1B53ADCF000A716A /* Main.storyboard */; };
		24EA78E21B53ADCF000A716A /* Images.xcassets in Resources */ = {isa = PBXBuildFile; fileRef = 24EA78E11B53ADCF000A716A /* Images.xcassets */; };
		24EA78E51B53ADCF000A716A /* LaunchScreen.xib in Resources */ = {isa = PBXBuildFile; fileRef = 24EA78E31B53ADCF000A716A /* LaunchScreen.xib */; };
		24EA78F11B53ADCF000A716A /* ASSliderTests.m in Sources */ = {isa = PBXBuildFile; fileRef = 24EA78F01B53ADCF000A716A /* ASSliderTests.m */; };
/* End PBXBuildFile section */

/* Begin PBXContainerItemProxy section */
		24EA78EB1B53ADCF000A716A /* PBXContainerItemProxy */ = {
			isa = PBXContainerItemProxy;
			containerPortal = 24EA78C91B53ADCF000A716A /* Project object */;
			proxyType = 1;
			remoteGlobalIDString = 24EA78D01B53ADCF000A716A;
			remoteInfo = ASSlider;
		};
/* End PBXContainerItemProxy section */

/* Begin PBXFileReference section */
		24EA78D11B53ADCF000A716A /* ASSlider.app */ = {isa = PBXFileReference; explicitFileType = wrapper.application; includeInIndex = 0; path = ASSlider.app; sourceTree = BUILT_PRODUCTS_DIR; };
		24EA78D51B53ADCF000A716A /* Info.plist */ = {isa = PBXFileReference; lastKnownFileType = text.plist.xml; path = Info.plist; sourceTree = "<group>"; };
		24EA78D61B53ADCF000A716A /* main.m */ = {isa = PBXFileReference; lastKnownFileType = sourcecode.c.objc; path = main.m; sourceTree = "<group>"; };
		24EA78D81B53ADCF000A716A /* AppDelegate.h */ = {isa = PBXFileReference; lastKnownFileType = sourcecode.c.h; path = AppDelegate.h; sourceTree = "<group>"; };
		24EA78D91B53ADCF000A716A /* AppDelegate.m */ = {isa = PBXFileReference; lastKnownFileType = sourcecode.c.objc; path = AppDelegate.m; sourceTree = "<group>"; };
		24EA78DB1B53ADCF000A716A /* ViewController.h */ = {isa = PBXFileReference; lastKnownFileType = sourcecode.c.h; path = ViewController.h; sourceTree = "<group>"; };
		24EA78DC1B53ADCF000A716A /* ViewController.m */ = {isa = PBXFileReference; lastKnownFileType = sourcecode.c.objc; path = ViewController.m; sourceTree = "<group>"; };
		24EA78DF1B53ADCF000A716A /* Base */ = {isa = PBXFileReference; lastKnownFileType = file.storyboard; name = Base; path = Base.lproj/Main.storyboard; sourceTree = "<group>"; };
		24EA78E11B53ADCF000A716A /* Images.xcassets */ = {isa = PBXFileReference; lastKnownFileType = folder.assetcatalog; path = Images.xcassets; sourceTree = "<group>"; };
		24EA78E41B53ADCF000A716A /* Base */ = {isa = PBXFileReference; lastKnownFileType = file.xib; name = Base; path = Base.lproj/LaunchScreen.xib; sourceTree = "<group>"; };
		24EA78EA1B53ADCF000A716A /* ASSliderTests.xctest */ = {isa = PBXFileReference; explicitFileType = wrapper.cfbundle; includeInIndex = 0; path = ASSliderTests.xctest; sourceTree = BUILT_PRODUCTS_DIR; };
		24EA78EF1B53ADCF000A716A /* Info.plist */ = {isa = PBXFileReference; lastKnownFileType = text.plist.xml; path = Info.plist; sourceTree = "<group>"; };
		24EA78F01B53ADCF000A716A /* ASSliderTests.m */ = {isa = PBXFileReference; lastKnownFileType = sourcecode.c.objc; path = ASSliderTests.m; sourceTree = "<group>"; };
/* End PBXFileReference section */

/* Begin PBXFrameworksBuildPhase section */
		24EA78CE1B53ADCF000A716A /* Frameworks */ = {
			isa = PBXFrameworksBuildPhase;
			buildActionMask = 2147483647;
			files = (
			);
			runOnlyForDeploymentPostprocessing = 0;
		};
		24EA78E71B53ADCF000A716A /* Frameworks */ = {
			isa = PBXFrameworksBuildPhase;
			buildActionMask = 2147483647;
			files = (
			);
			runOnlyForDeploymentPostprocessing = 0;
		};
/* End PBXFrameworksBuildPhase section */

/* Begin PBXGroup section */
		24EA78C81B53ADCF000A716A = {
			isa = PBXGroup;
			children = (
				24EA78D31B53ADCF000A716A /* ASSlider */,
				24EA78ED1B53ADCF000A716A /* ASSliderTests */,
				24EA78D21B53ADCF000A716A /* Products */,
			);
			sourceTree = "<group>";
		};
		24EA78D21B53ADCF000A716A /* Products */ = {
			isa = PBXGroup;
			children = (
				24EA78D11B53ADCF000A716A /* ASSlider.app */,
				24EA78EA1B53ADCF000A716A /* ASSliderTests.xctest */,
			);
			name = Products;
			sourceTree = "<group>";
		};
		24EA78D31B53ADCF000A716A /* ASSlider */ = {
			isa = PBXGroup;
			children = (
				24EA78D81B53ADCF000A716A /* AppDelegate.h */,
				24EA78D91B53ADCF000A716A /* AppDelegate.m */,
				24EA78DB1B53ADCF000A716A /* ViewController.h */,
				24EA78DC1B53ADCF000A716A /* ViewController.m */,
				24EA78DE1B53ADCF000A716A /* Main.storyboard */,
				24EA78E11B53ADCF000A716A /* Images.xcassets */,
				24EA78E31B53ADCF000A716A /* LaunchScreen.xib */,
				24EA78D41B53ADCF000A716A /* Supporting Files */,
			);
			path = ASSlider;
			sourceTree = "<group>";
		};
		24EA78D41B53ADCF000A716A /* Supporting Files */ = {
			isa = PBXGroup;
			children = (
				24EA78D51B53ADCF000A716A /* Info.plist */,
				24EA78D61B53ADCF000A716A /* main.m */,
			);
			name = "Supporting Files";
			sourceTree = "<group>";
		};
		24EA78ED1B53ADCF000A716A /* ASSliderTests */ = {
			isa = PBXGroup;
			children = (
				24EA78F01B53ADCF000A716A /* ASSliderTests.m */,
				24EA78EE1B53ADCF000A716A /* Supporting Files */,
			);
			path = ASSliderTests;
			sourceTree = "<group>";
		};
		24EA78EE1B53ADCF000A716A /* Supporting Files */ = {
			isa = PBXGroup;
			children = (
				24EA78EF1B53ADCF000A716A /* Info.plist */,
			);
			name = "Supporting Files";
			sourceTree = "<group>";
		};
/* End PBXGroup section */

/* Begin PBXNativeTarget section */
		24EA78D01B53ADCF000A716A /* ASSlider */ = {
			isa = PBXNativeTarget;
			buildConfigurationList = 24EA78F41B53ADCF000A716A /* Build configuration list for PBXNativeTarget "ASSlider" */;
			buildPhases = (
				24EA78CD1B53ADCF000A716A /* Sources */,
				24EA78CE1B53ADCF000A716A /* Frameworks */,
				24EA78CF1B53ADCF000A716A /* Resources */,
			);
			buildRules = (
			);
			dependencies = (
			);
			name = ASSlider;
			productName = ASSlider;
			productReference = 24EA78D11B53ADCF000A716A /* ASSlider.app */;
			productType = "com.apple.product-type.application";
		};
		24EA78E91B53ADCF000A716A /* ASSliderTests */ = {
			isa = PBXNativeTarget;
			buildConfigurationList = 24EA78F71B53ADCF000A716A /* Build configuration list for PBXNativeTarget "ASSliderTests" */;
			buildPhases = (
				24EA78E61B53ADCF000A716A /* Sources */,
				24EA78E71B53ADCF000A716A /* Frameworks */,
				24EA78E81B53ADCF000A716A /* Resources */,
			);
			buildRules = (
			);
			dependencies = (
				24EA78EC1B53ADCF000A716A /* PBXTargetDependency */,
			);
			name = ASSliderTests;
			productName = ASSliderTests;
			productReference = 24EA78EA1B53ADCF000A716A /* ASSliderTests.xctest */;
			productType = "com.apple.product-type.bundle.unit-test";
		};
/* End PBXNativeTarget section */

/* Begin PBXProject section */
		24EA78C91B53ADCF000A716A /* Project object */ = {
			isa = PBXProject;
			attributes = {
				LastUpgradeCheck = 0630;
				ORGANIZATIONNAME = LeeSefung;
				TargetAttributes = {
					24EA78D01B53ADCF000A716A = {
						CreatedOnToolsVersion = 6.3.1;
					};
					24EA78E91B53ADCF000A716A = {
						CreatedOnToolsVersion = 6.3.1;
						TestTargetID = 24EA78D01B53ADCF000A716A;
					};
				};
			};
			buildConfigurationList = 24EA78CC1B53ADCF000A716A /* Build configuration list for PBXProject "ASSlider" */;
			compatibilityVersion = "Xcode 3.2";
			developmentRegion = English;
			hasScannedForEncodings = 0;
			knownRegions = (
				en,
				Base,
			);
			mainGroup = 24EA78C81B53ADCF000A716A;
			productRefGroup = 24EA78D21B53ADCF000A716A /* Products */;
			projectDirPath = "";
			projectRoot = "";
			targets = (
				24EA78D01B53ADCF000A716A /* ASSlider */,
				24EA78E91B53ADCF000A716A /* ASSliderTests */,
			);
		};
/* End PBXProject section */

/* Begin PBXResourcesBuildPhase section */
		24EA78CF1B53ADCF000A716A /* Resources */ = {
			isa = PBXResourcesBuildPhase;
			buildActionMask = 2147483647;
			files = (
				24EA78E01B53ADCF000A716A /* Main.storyboard in Resources */,
				24EA78E51B53ADCF000A716A /* LaunchScreen.xib in Resources */,
				24EA78E21B53ADCF000A716A /* Images.xcassets in Resources */,
			);
			runOnlyForDeploymentPostprocessing = 0;
		};
		24EA78E81B53ADCF000A716A /* Resources */ = {
			isa = PBXResourcesBuildPhase;
			buildActionMask = 2147483647;
			files = (
			);
			runOnlyForDeploymentPostprocessing = 0;
		};
/* End PBXResourcesBuildPhase section */

/* Begin PBXSourcesBuildPhase section */
		24EA78CD1B53ADCF000A716A /* Sources */ = {
			isa = PBXSourcesBuildPhase;
			buildActionMask = 2147483647;
			files = (
				24EA78DD1B53ADCF000A716A /* ViewController.m in Sources */,
				24EA78DA1B53ADCF000A716A /* AppDelegate.m in Sources */,
				24EA78D71B53ADCF000A716A /* main.m in Sources */,
			);
			runOnlyForDeploymentPostprocessing = 0;
		};
		24EA78E61B53ADCF000A716A /* Sources */ = {
			isa = PBXSourcesBuildPhase;
			buildActionMask = 2147483647;
			files = (
				24EA78F11B53ADCF000A716A /* ASSliderTests.m in Sources */,
			);
			runOnlyForDeploymentPostprocessing = 0;
		};
/* End PBXSourcesBuildPhase section */

/* Begin PBXTargetDependency section */
		24EA78EC1B53ADCF000A716A /* PBXTargetDependency */ = {
			isa = PBXTargetDependency;
			target = 24EA78D01B53ADCF000A716A /* ASSlider */;
			targetProxy = 24EA78EB1B53ADCF000A716A /* PBXContainerItemProxy */;
		};
/* End PBXTargetDependency section */

/* Begin PBXVariantGroup section */
		24EA78DE1B53ADCF000A716A /* Main.storyboard */ = {
			isa = PBXVariantGroup;
			children = (
				24EA78DF1B53ADCF000A716A /* Base */,
			);
			name = Main.storyboard;
			sourceTree = "<group>";
		};
		24EA78E31B53ADCF000A716A /* LaunchScreen.xib */ = {
			isa = PBXVariantGroup;
			children = (
				24EA78E41B53ADCF000A716A /* Base */,
			);
			name = LaunchScreen.xib;
			sourceTree = "<group>";
		};
/* End PBXVariantGroup section */

/* Begin XCBuildConfiguration section */
		24EA78F21B53ADCF000A716A /* Debug */ = {
			isa = XCBuildConfiguration;
			buildSettings = {
				ALWAYS_SEARCH_USER_PATHS = NO;
				CLANG_CXX_LANGUAGE_STANDARD = "gnu++0x";
				CLANG_CXX_LIBRARY = "libc++";
				CLANG_ENABLE_MODULES = YES;
				CLANG_ENABLE_OBJC_ARC = YES;
				CLANG_WARN_BOOL_CONVERSION = YES;
				CLANG_WARN_CONSTANT_CONVERSION = YES;
				CLANG_WARN_DIRECT_OBJC_ISA_USAGE = YES_ERROR;
				CLANG_WARN_EMPTY_BODY = YES;
				CLANG_WARN_ENUM_CONVERSION = YES;
				CLANG_WARN_INT_CONVERSION = YES;
				CLANG_WARN_OBJC_ROOT_CLASS = YES_ERROR;
				CLANG_WARN_UNREACHABLE_CODE = YES;
				CLANG_WARN__DUPLICATE_METHOD_MATCH = YES;
				"CODE_SIGN_IDENTITY[sdk=iphoneos*]" = "iPhone Developer";
				COPY_PHASE_STRIP = NO;
				DEBUG_INFORMATION_FORMAT = "dwarf-with-dsym";
				ENABLE_STRICT_OBJC_MSGSEND = YES;
				GCC_C_LANGUAGE_STANDARD = gnu99;
				GCC_DYNAMIC_NO_PIC = NO;
				GCC_NO_COMMON_BLOCKS = YES;
				GCC_OPTIMIZATION_LEVEL = 0;
				GCC_PREPROCESSOR_DEFINITIONS = (
					"DEBUG=1",
					"$(inherited)",
				);
				GCC_SYMBOLS_PRIVATE_EXTERN = NO;
				GCC_WARN_64_TO_32_BIT_CONVERSION = YES;
				GCC_WARN_ABOUT_RETURN_TYPE = YES_ERROR;
				GCC_WARN_UNDECLARED_SELECTOR = YES;
				GCC_WARN_UNINITIALIZED_AUTOS = YES_AGGRESSIVE;
				GCC_WARN_UNUSED_FUNCTION = YES;
				GCC_WARN_UNUSED_VARIABLE = YES;
				IPHONEOS_DEPLOYMENT_TARGET = 8.3;
				MTL_ENABLE_DEBUG_INFO = YES;
				ONLY_ACTIVE_ARCH = YES;
				SDKROOT = iphoneos;
			};
			name = Debug;
		};
		24EA78F31B53ADCF000A716A /* Release */ = {
			isa = XCBuildConfiguration;
			buildSettings = {
				ALWAYS_SEARCH_USER_PATHS = NO;
				CLANG_CXX_LANGUAGE_STANDARD = "gnu++0x";
				CLANG_CXX_LIBRARY = "libc++";
				CLANG_ENABLE_MODULES = YES;
				CLANG_ENABLE_OBJC_ARC = YES;
				CLANG_WARN_BOOL_CONVERSION = YES;
				CLANG_WARN_CONSTANT_CONVERSION = YES;
				CLANG_WARN_DIRECT_OBJC_ISA_USAGE = YES_ERROR;
				CLANG_WARN_EMPTY_BODY = YES;
				CLANG_WARN_ENUM_CONVERSION = YES;
				CLANG_WARN_INT_CONVERSION = YES;
				CLANG_WARN_OBJC_ROOT_CLASS = YES_ERROR;
				CLANG_WARN_UNREACHABLE_CODE = YES;
				CLANG_WARN__DUPLICATE_METHOD_MATCH = YES;
				"CODE_SIGN_IDENTITY[sdk=iphoneos*]" = "iPhone Developer";
				COPY_PHASE_STRIP = NO;
				DEBUG_INFORMATION_FORMAT = "dwarf-with-dsym";
				ENABLE_NS_ASSERTIONS = NO;
				ENABLE_STRICT_OBJC_MSGSEND = YES;
				GCC_C_LANGUAGE_STANDARD = gnu99;
				GCC_NO_COMMON_BLOCKS = YES;
				GCC_WARN_64_TO_32_BIT_CONVERSION = YES;
				GCC_WARN_ABOUT_RETURN_TYPE = YES_ERROR;
				GCC_WARN_UNDECLARED_SELECTOR = YES;
				GCC_WARN_UNINITIALIZED_AUTOS = YES_AGGRESSIVE;
				GCC_WARN_UNUSED_FUNCTION = YES;
				GCC_WARN_UNUSED_VARIABLE = YES;
				IPHONEOS_DEPLOYMENT_TARGET = 8.3;
				MTL_ENABLE_DEBUG_INFO = NO;
				SDKROOT = iphoneos;
				VALIDATE_PRODUCT = YES;
			};
			name = Release;
		};
		24EA78F51B53ADCF000A716A /* Debug */ = {
			isa = XCBuildConfiguration;
			buildSettings = {
				ASSETCATALOG_COMPILER_APPICON_NAME = AppIcon;
				INFOPLIST_FILE = ASSlider/Info.plist;
				LD_RUNPATH_SEARCH_PATHS = "$(inherited) @executable_path/Frameworks";
				PRODUCT_NAME = "$(TARGET_NAME)";
			};
			name = Debug;
		};
		24EA78F61B53ADCF000A716A /* Release */ = {
			isa = XCBuildConfiguration;
			buildSettings = {
				ASSETCATALOG_COMPILER_APPICON_NAME = AppIcon;
				INFOPLIST_FILE = ASSlider/Info.plist;
				LD_RUNPATH_SEARCH_PATHS = "$(inherited) @executable_path/Frameworks";
				PRODUCT_NAME = "$(TARGET_NAME)";
			};
			name = Release;
		};
		24EA78F81B53ADCF000A716A /* Debug */ = {
			isa = XCBuildConfiguration;
			buildSettings = {
				BUNDLE_LOADER = "$(TEST_HOST)";
				FRAMEWORK_SEARCH_PATHS = (
					"$(SDKROOT)/Developer/Library/Frameworks",
					"$(inherited)",
				);
				GCC_PREPROCESSOR_DEFINITIONS = (
					"DEBUG=1",
					"$(inherited)",
				);
				INFOPLIST_FILE = ASSliderTests/Info.plist;
				LD_RUNPATH_SEARCH_PATHS = "$(inherited) @executable_path/Frameworks @loader_path/Frameworks";
				PRODUCT_NAME = "$(TARGET_NAME)";
				TEST_HOST = "$(BUILT_PRODUCTS_DIR)/ASSlider.app/ASSlider";
			};
			name = Debug;
		};
		24EA78F91B53ADCF000A716A /* Release */ = {
			isa = XCBuildConfiguration;
			buildSettings = {
				BUNDLE_LOADER = "$(TEST_HOST)";
				FRAMEWORK_SEARCH_PATHS = (
					"$(SDKROOT)/Developer/Library/Frameworks",
					"$(inherited)",
				);
				INFOPLIST_FILE = ASSliderTests/Info.plist;
				LD_RUNPATH_SEARCH_PATHS = "$(inherited) @executable_path/Frameworks @loader_path/Frameworks";
				PRODUCT_NAME = "$(TARGET_NAME)";
				TEST_HOST = "$(BUILT_PRODUCTS_DIR)/ASSlider.app/ASSlider";
			};
			name = Release;
		};
/* End XCBuildConfiguration section */

/* Begin XCConfigurationList section */
		24EA78CC1B53ADCF000A716A /* Build configuration list for PBXProject "ASSlider" */ = {
			isa = XCConfigurationList;
			buildConfigurations = (
				24EA78F21B53ADCF000A716A /* Debug */,
				24EA78F31B53ADCF000A716A /* Release */,
			);
			defaultConfigurationIsVisible = 0;
			defaultConfigurationName = Release;
		};
		24EA78F41B53ADCF000A716A /* Build configuration list for PBXNativeTarget "ASSlider" */ = {
			isa = XCConfigurationList;
			buildConfigurations = (
				24EA78F51B53ADCF000A716A /* Debug */,
				24EA78F61B53ADCF000A716A /* Release */,
			);
			defaultConfigurationIsVisible = 0;
		};
		24EA78F71B53ADCF000A716A /* Build configuration list for PBXNativeTarget "ASSliderTests" */ = {
			isa = XCConfigurationList;
			buildConfigurations = (
				24EA78F81B53ADCF000A716A /* Debug */,
				24EA78F91B53ADCF000A716A /* Release */,
			);
			defaultConfigurationIsVisible = 0;
		};
/* End XCConfigurationList section */
	};
	rootObject = 24EA78C91B53ADCF000A716A /* Project object */;
}
